
Microsoft Visual Studio Solution File, Format Version 12.00
Project("{FAE04EC0-301F-11D3-BF4B-00C04F79EFBC}") = "Egzamin", "Egzamin\Egzamin.csproj", "{15A8D2C2-3F0B-44D9-B130-667B150DC350}"
EndProject
Global
	GlobalSection(SolutionConfigurationPlatforms) = preSolution
		Debug|Any CPU = Debug|Any CPU
		Release|Any CPU = Release|Any CPU
	EndGlobalSection
	GlobalSection(ProjectConfigurationPlatforms) = postSolution
		{15A8D2C2-3F0B-44D9-B130-667B150DC350}.Debug|Any CPU.ActiveCfg = Debug|Any CPU
		{15A8D2C2-3F0B-44D9-B130-667B150DC350}.Debug|Any CPU.Build.0 = Debug|Any CPU
		{15A8D2C2-3F0B-44D9-B130-667B150DC350}.Release|Any CPU.ActiveCfg = Release|Any CPU
		{15A8D2C2-3F0B-44D9-B130-667B150DC350}.Release|Any CPU.Build.0 = Release|Any CPU
	EndGlobalSection
EndGlobal
