
Microsoft Visual Studio Solution File, Format Version 12.00
# Visual Studio Version 17
VisualStudioVersion = 17.7.34024.191
MinimumVisualStudioVersion = 10.0.40219.1
Project("{FAE04EC0-301F-11D3-BF4B-00C04F79EFBC}") = "CarList", "CarList.csproj", "{C267EE4D-84C0-4869-AD25-60832C9FF0C0}"
EndProject
Global
	GlobalSection(SolutionConfigurationPlatforms) = preSolution
		Debug|Any CPU = Debug|Any CPU
		Release|Any CPU = Release|Any CPU
	EndGlobalSection
	GlobalSection(ProjectConfigurationPlatforms) = postSolution
		{C267EE4D-84C0-4869-AD25-60832C9FF0C0}.Debug|Any CPU.ActiveCfg = Debug|Any CPU
		{C267EE4D-84C0-4869-AD25-60832C9FF0C0}.Debug|Any CPU.Build.0 = Debug|Any CPU
		{C267EE4D-84C0-4869-AD25-60832C9FF0C0}.Release|Any CPU.ActiveCfg = Release|Any CPU
		{C267EE4D-84C0-4869-AD25-60832C9FF0C0}.Release|Any CPU.Build.0 = Release|Any CPU
	EndGlobalSection
	GlobalSection(SolutionProperties) = preSolution
		HideSolutionNode = FALSE
	EndGlobalSection
	GlobalSection(ExtensibilityGlobals) = postSolution
		SolutionGuid = {EA19279F-A2D1-4270-8873-2C8EFDB2EF8A}
	EndGlobalSection
EndGlobal
