
Microsoft Visual Studio Solution File, Format Version 12.00
Project("{FAE04EC0-301F-11D3-BF4B-00C04F79EFBC}") = "FitnessTracker", "FitnessTracker.csproj", "{3357FDC6-1B2A-4676-890F-2D93368CF42A}"
EndProject
Global
	GlobalSection(SolutionConfigurationPlatforms) = preSolution
		Debug|Any CPU = Debug|Any CPU
		Release|Any CPU = Release|Any CPU
	EndGlobalSection
	GlobalSection(ProjectConfigurationPlatforms) = postSolution
		{3357FDC6-1B2A-4676-890F-2D93368CF42A}.Debug|Any CPU.ActiveCfg = Debug|Any CPU
		{3357FDC6-1B2A-4676-890F-2D93368CF42A}.Debug|Any CPU.Build.0 = Debug|Any CPU
		{3357FDC6-1B2A-4676-890F-2D93368CF42A}.Release|Any CPU.ActiveCfg = Release|Any CPU
		{3357FDC6-1B2A-4676-890F-2D93368CF42A}.Release|Any CPU.Build.0 = Release|Any CPU
	EndGlobalSection
EndGlobal
