
Microsoft Visual Studio Solution File, Format Version 12.00
# Visual Studio Version 17
VisualStudioVersion = 17.7.34024.191
MinimumVisualStudioVersion = 10.0.40219.1
Project("{FAE04EC0-301F-11D3-BF4B-00C04F79EFBC}") = "NWD", "NWD\NWD.csproj", "{93549E85-CE4C-4D7D-AF9C-8A5212963271}"
EndProject
Global
	GlobalSection(SolutionConfigurationPlatforms) = preSolution
		Debug|Any CPU = Debug|Any CPU
		Release|Any CPU = Release|Any CPU
	EndGlobalSection
	GlobalSection(ProjectConfigurationPlatforms) = postSolution
		{93549E85-CE4C-4D7D-AF9C-8A5212963271}.Debug|Any CPU.ActiveCfg = Debug|Any CPU
		{93549E85-CE4C-4D7D-AF9C-8A5212963271}.Debug|Any CPU.Build.0 = Debug|Any CPU
		{93549E85-CE4C-4D7D-AF9C-8A5212963271}.Release|Any CPU.ActiveCfg = Release|Any CPU
		{93549E85-CE4C-4D7D-AF9C-8A5212963271}.Release|Any CPU.Build.0 = Release|Any CPU
	EndGlobalSection
	GlobalSection(SolutionProperties) = preSolution
		HideSolutionNode = FALSE
	EndGlobalSection
	GlobalSection(ExtensibilityGlobals) = postSolution
		SolutionGuid = {D9E6D5A5-D524-4345-BB8C-4F90C01A8345}
	EndGlobalSection
EndGlobal
